
Microsoft Visual Studio Solution File, Format Version 12.00
# Visual Studio Version 17
VisualStudioVersion = 17.6.33815.320
MinimumVisualStudioVersion = 10.0.40219.1
Project("{FAE04EC0-301F-11D3-BF4B-00C04F79EFBC}") = "lab1ex7", "lab1ex7\lab1ex7.csproj", "{DF69D731-75F1-4A80-A637-12F5A6D27EF5}"
EndProject
Global
	GlobalSection(SolutionConfigurationPlatforms) = preSolution
		Debug|Any CPU = Debug|Any CPU
		Release|Any CPU = Release|Any CPU
	EndGlobalSection
	GlobalSection(ProjectConfigurationPlatforms) = postSolution
		{DF69D731-75F1-4A80-A637-12F5A6D27EF5}.Debug|Any CPU.ActiveCfg = Debug|Any CPU
		{DF69D731-75F1-4A80-A637-12F5A6D27EF5}.Debug|Any CPU.Build.0 = Debug|Any CPU
		{DF69D731-75F1-4A80-A637-12F5A6D27EF5}.Release|Any CPU.ActiveCfg = Release|Any CPU
		{DF69D731-75F1-4A80-A637-12F5A6D27EF5}.Release|Any CPU.Build.0 = Release|Any CPU
	EndGlobalSection
	GlobalSection(SolutionProperties) = preSolution
		HideSolutionNode = FALSE
	EndGlobalSection
	GlobalSection(ExtensibilityGlobals) = postSolution
		SolutionGuid = {0CF87C23-5B9E-4E65-9559-F0673B323246}
	EndGlobalSection
EndGlobal
